
Microsoft Visual Studio Solution File, Format Version 12.00
# Visual Studio Version 16
VisualStudioVersion = 16.0.29123.89
MinimumVisualStudioVersion = 10.0.40219.1
Project("{FAE04EC0-301F-11D3-BF4B-00C04F79EFBC}") = "DotNetDevOps.BlobSemVerReactor.FunctionHost", "functions\DotNetDevOps.BlobSemVerReactor.FunctionHost\DotNetDevOps.BlobSemVerReactor.FunctionHost.csproj", "{D5759506-36A9-401F-9940-939013D9EF64}"
EndProject
Project("{2150E333-8FDC-42A3-9474-1A3956D46DE8}") = "functions", "functions", "{774F03F8-DE06-40BE-945D-8F3096D905E9}"
EndProject
Project("{2150E333-8FDC-42A3-9474-1A3956D46DE8}") = "Solution Items", "Solution Items", "{55DD1327-62BD-4E51-907C-90BED947E5CF}"
	ProjectSection(SolutionItems) = preProject
		azure-pipelines.yml = azure-pipelines.yml
	EndProjectSection
EndProject
Global
	GlobalSection(SolutionConfigurationPlatforms) = preSolution
		Debug|Any CPU = Debug|Any CPU
		Release|Any CPU = Release|Any CPU
	EndGlobalSection
	GlobalSection(ProjectConfigurationPlatforms) = postSolution
		{D5759506-36A9-401F-9940-939013D9EF64}.Debug|Any CPU.ActiveCfg = Debug|Any CPU
		{D5759506-36A9-401F-9940-939013D9EF64}.Debug|Any CPU.Build.0 = Debug|Any CPU
		{D5759506-36A9-401F-9940-939013D9EF64}.Release|Any CPU.ActiveCfg = Release|Any CPU
		{D5759506-36A9-401F-9940-939013D9EF64}.Release|Any CPU.Build.0 = Release|Any CPU
	EndGlobalSection
	GlobalSection(SolutionProperties) = preSolution
		HideSolutionNode = FALSE
	EndGlobalSection
	GlobalSection(NestedProjects) = preSolution
		{D5759506-36A9-401F-9940-939013D9EF64} = {774F03F8-DE06-40BE-945D-8F3096D905E9}
	EndGlobalSection
	GlobalSection(ExtensibilityGlobals) = postSolution
		SolutionGuid = {016BCCEB-B2F5-41EE-949B-6EAC78BED66A}
	EndGlobalSection
EndGlobal
